
Microsoft Visual Studio Solution File, Format Version 12.00
# Visual Studio 15
VisualStudioVersion = 15.0.26730.16
MinimumVisualStudioVersion = 10.0.40219.1
Project("{FAE04EC0-301F-11D3-BF4B-00C04F79EFBC}") = "GridLayout.Android", "GridLayout\GridLayout.Android\GridLayout.Android.csproj", "{766E0596-F4EA-47AD-9EF0-14EF6AAEEFBC}"
EndProject
Project("{FAE04EC0-301F-11D3-BF4B-00C04F79EFBC}") = "GridLayout", "GridLayout\GridLayout\GridLayout.csproj", "{D210BDF6-DBEA-4E8F-A120-DB03E116A801}"
EndProject
Project("{FAE04EC0-301F-11D3-BF4B-00C04F79EFBC}") = "GridLayout.iOS", "GridLayout\GridLayout.iOS\GridLayout.iOS.csproj", "{F860B4F4-1744-4692-ACCE-C2D061025AEB}"
EndProject
Global
	GlobalSection(SolutionConfigurationPlatforms) = preSolution
		Ad-Hoc|Any CPU = Ad-Hoc|Any CPU
		Ad-Hoc|ARM = Ad-Hoc|ARM
		Ad-Hoc|iPhone = Ad-Hoc|iPhone
		Ad-Hoc|iPhoneSimulator = Ad-Hoc|iPhoneSimulator
		Ad-Hoc|x64 = Ad-Hoc|x64
		Ad-Hoc|x86 = Ad-Hoc|x86
		AppStore|Any CPU = AppStore|Any CPU
		AppStore|ARM = AppStore|ARM
		AppStore|iPhone = AppStore|iPhone
		AppStore|iPhoneSimulator = AppStore|iPhoneSimulator
		AppStore|x64 = AppStore|x64
		AppStore|x86 = AppStore|x86
		Debug|Any CPU = Debug|Any CPU
		Debug|ARM = Debug|ARM
		Debug|iPhone = Debug|iPhone
		Debug|iPhoneSimulator = Debug|iPhoneSimulator
		Debug|x64 = Debug|x64
		Debug|x86 = Debug|x86
		Release|Any CPU = Release|Any CPU
		Release|ARM = Release|ARM
		Release|iPhone = Release|iPhone
		Release|iPhoneSimulator = Release|iPhoneSimulator
		Release|x64 = Release|x64
		Release|x86 = Release|x86
	EndGlobalSection
	GlobalSection(ProjectConfigurationPlatforms) = postSolution
		{766E0596-F4EA-47AD-9EF0-14EF6AAEEFBC}.Ad-Hoc|Any CPU.ActiveCfg = Release|Any CPU
		{766E0596-F4EA-47AD-9EF0-14EF6AAEEFBC}.Ad-Hoc|Any CPU.Build.0 = Release|Any CPU
		{766E0596-F4EA-47AD-9EF0-14EF6AAEEFBC}.Ad-Hoc|Any CPU.Deploy.0 = Release|Any CPU
		{766E0596-F4EA-47AD-9EF0-14EF6AAEEFBC}.Ad-Hoc|ARM.ActiveCfg = Release|Any CPU
		{766E0596-F4EA-47AD-9EF0-14EF6AAEEFBC}.Ad-Hoc|ARM.Build.0 = Release|Any CPU
		{766E0596-F4EA-47AD-9EF0-14EF6AAEEFBC}.Ad-Hoc|ARM.Deploy.0 = Release|Any CPU
		{766E0596-F4EA-47AD-9EF0-14EF6AAEEFBC}.Ad-Hoc|iPhone.ActiveCfg = Release|Any CPU
		{766E0596-F4EA-47AD-9EF0-14EF6AAEEFBC}.Ad-Hoc|iPhone.Build.0 = Release|Any CPU
		{766E0596-F4EA-47AD-9EF0-14EF6AAEEFBC}.Ad-Hoc|iPhone.Deploy.0 = Release|Any CPU
		{766E0596-F4EA-47AD-9EF0-14EF6AAEEFBC}.Ad-Hoc|iPhoneSimulator.ActiveCfg = Release|Any CPU
		{766E0596-F4EA-47AD-9EF0-14EF6AAEEFBC}.Ad-Hoc|iPhoneSimulator.Build.0 = Release|Any CPU
		{766E0596-F4EA-47AD-9EF0-14EF6AAEEFBC}.Ad-Hoc|iPhoneSimulator.Deploy.0 = Release|Any CPU
		{766E0596-F4EA-47AD-9EF0-14EF6AAEEFBC}.Ad-Hoc|x64.ActiveCfg = Release|Any CPU
		{766E0596-F4EA-47AD-9EF0-14EF6AAEEFBC}.Ad-Hoc|x64.Build.0 = Release|Any CPU
		{766E0596-F4EA-47AD-9EF0-14EF6AAEEFBC}.Ad-Hoc|x64.Deploy.0 = Release|Any CPU
		{766E0596-F4EA-47AD-9EF0-14EF6AAEEFBC}.Ad-Hoc|x86.ActiveCfg = Release|Any CPU
		{766E0596-F4EA-47AD-9EF0-14EF6AAEEFBC}.Ad-Hoc|x86.Build.0 = Release|Any CPU
		{766E0596-F4EA-47AD-9EF0-14EF6AAEEFBC}.Ad-Hoc|x86.Deploy.0 = Release|Any CPU
		{766E0596-F4EA-47AD-9EF0-14EF6AAEEFBC}.AppStore|Any CPU.ActiveCfg = Release|Any CPU
		{766E0596-F4EA-47AD-9EF0-14EF6AAEEFBC}.AppStore|Any CPU.Build.0 = Release|Any CPU
		{766E0596-F4EA-47AD-9EF0-14EF6AAEEFBC}.AppStore|Any CPU.Deploy.0 = Release|Any CPU
		{766E0596-F4EA-47AD-9EF0-14EF6AAEEFBC}.AppStore|ARM.ActiveCfg = Release|Any CPU
		{766E0596-F4EA-47AD-9EF0-14EF6AAEEFBC}.AppStore|ARM.Build.0 = Release|Any CPU
		{766E0596-F4EA-47AD-9EF0-14EF6AAEEFBC}.AppStore|ARM.Deploy.0 = Release|Any CPU
		{766E0596-F4EA-47AD-9EF0-14EF6AAEEFBC}.AppStore|iPhone.ActiveCfg = Release|Any CPU
		{766E0596-F4EA-47AD-9EF0-14EF6AAEEFBC}.AppStore|iPhone.Build.0 = Release|Any CPU
		{766E0596-F4EA-47AD-9EF0-14EF6AAEEFBC}.AppStore|iPhone.Deploy.0 = Release|Any CPU
		{766E0596-F4EA-47AD-9EF0-14EF6AAEEFBC}.AppStore|iPhoneSimulator.ActiveCfg = Release|Any CPU
		{766E0596-F4EA-47AD-9EF0-14EF6AAEEFBC}.AppStore|iPhoneSimulator.Build.0 = Release|Any CPU
		{766E0596-F4EA-47AD-9EF0-14EF6AAEEFBC}.AppStore|iPhoneSimulator.Deploy.0 = Release|Any CPU
		{766E0596-F4EA-47AD-9EF0-14EF6AAEEFBC}.AppStore|x64.ActiveCfg = Release|Any CPU
		{766E0596-F4EA-47AD-9EF0-14EF6AAEEFBC}.AppStore|x64.Build.0 = Release|Any CPU
		{766E0596-F4EA-47AD-9EF0-14EF6AAEEFBC}.AppStore|x64.Deploy.0 = Release|Any CPU
		{766E0596-F4EA-47AD-9EF0-14EF6AAEEFBC}.AppStore|x86.ActiveCfg = Release|Any CPU
		{766E0596-F4EA-47AD-9EF0-14EF6AAEEFBC}.AppStore|x86.Build.0 = Release|Any CPU
		{766E0596-F4EA-47AD-9EF0-14EF6AAEEFBC}.AppStore|x86.Deploy.0 = Release|Any CPU
		{766E0596-F4EA-47AD-9EF0-14EF6AAEEFBC}.Debug|Any CPU.ActiveCfg = Debug|Any CPU
		{766E0596-F4EA-47AD-9EF0-14EF6AAEEFBC}.Debug|Any CPU.Build.0 = Debug|Any CPU
		{766E0596-F4EA-47AD-9EF0-14EF6AAEEFBC}.Debug|Any CPU.Deploy.0 = Debug|Any CPU
		{766E0596-F4EA-47AD-9EF0-14EF6AAEEFBC}.Debug|ARM.ActiveCfg = Debug|Any CPU
		{766E0596-F4EA-47AD-9EF0-14EF6AAEEFBC}.Debug|ARM.Build.0 = Debug|Any CPU
		{766E0596-F4EA-47AD-9EF0-14EF6AAEEFBC}.Debug|ARM.Deploy.0 = Debug|Any CPU
		{766E0596-F4EA-47AD-9EF0-14EF6AAEEFBC}.Debug|iPhone.ActiveCfg = Debug|Any CPU
		{766E0596-F4EA-47AD-9EF0-14EF6AAEEFBC}.Debug|iPhone.Build.0 = Debug|Any CPU
		{766E0596-F4EA-47AD-9EF0-14EF6AAEEFBC}.Debug|iPhone.Deploy.0 = Debug|Any CPU
		{766E0596-F4EA-47AD-9EF0-14EF6AAEEFBC}.Debug|iPhoneSimulator.ActiveCfg = Debug|Any CPU
		{766E0596-F4EA-47AD-9EF0-14EF6AAEEFBC}.Debug|iPhoneSimulator.Build.0 = Debug|Any CPU
		{766E0596-F4EA-47AD-9EF0-14EF6AAEEFBC}.Debug|iPhoneSimulator.Deploy.0 = Debug|Any CPU
		{766E0596-F4EA-47AD-9EF0-14EF6AAEEFBC}.Debug|x64.ActiveCfg = Debug|Any CPU
		{766E0596-F4EA-47AD-9EF0-14EF6AAEEFBC}.Debug|x64.Build.0 = Debug|Any CPU
		{766E0596-F4EA-47AD-9EF0-14EF6AAEEFBC}.Debug|x64.Deploy.0 = Debug|Any CPU
		{766E0596-F4EA-47AD-9EF0-14EF6AAEEFBC}.Debug|x86.ActiveCfg = Debug|Any CPU
		{766E0596-F4EA-47AD-9EF0-14EF6AAEEFBC}.Debug|x86.Build.0 = Debug|Any CPU
		{766E0596-F4EA-47AD-9EF0-14EF6AAEEFBC}.Debug|x86.Deploy.0 = Debug|Any CPU
		{766E0596-F4EA-47AD-9EF0-14EF6AAEEFBC}.Release|Any CPU.ActiveCfg = Release|Any CPU
		{766E0596-F4EA-47AD-9EF0-14EF6AAEEFBC}.Release|Any CPU.Build.0 = Release|Any CPU
		{766E0596-F4EA-47AD-9EF0-14EF6AAEEFBC}.Release|Any CPU.Deploy.0 = Release|Any CPU
		{766E0596-F4EA-47AD-9EF0-14EF6AAEEFBC}.Release|ARM.ActiveCfg = Release|Any CPU
		{766E0596-F4EA-47AD-9EF0-14EF6AAEEFBC}.Release|ARM.Build.0 = Release|Any CPU
		{766E0596-F4EA-47AD-9EF0-14EF6AAEEFBC}.Release|ARM.Deploy.0 = Release|Any CPU
		{766E0596-F4EA-47AD-9EF0-14EF6AAEEFBC}.Release|iPhone.ActiveCfg = Release|Any CPU
		{766E0596-F4EA-47AD-9EF0-14EF6AAEEFBC}.Release|iPhone.Build.0 = Release|Any CPU
		{766E0596-F4EA-47AD-9EF0-14EF6AAEEFBC}.Release|iPhone.Deploy.0 = Release|Any CPU
		{766E0596-F4EA-47AD-9EF0-14EF6AAEEFBC}.Release|iPhoneSimulator.ActiveCfg = Release|Any CPU
		{766E0596-F4EA-47AD-9EF0-14EF6AAEEFBC}.Release|iPhoneSimulator.Build.0 = Release|Any CPU
		{766E0596-F4EA-47AD-9EF0-14EF6AAEEFBC}.Release|iPhoneSimulator.Deploy.0 = Release|Any CPU
		{766E0596-F4EA-47AD-9EF0-14EF6AAEEFBC}.Release|x64.ActiveCfg = Release|Any CPU
		{766E0596-F4EA-47AD-9EF0-14EF6AAEEFBC}.Release|x64.Build.0 = Release|Any CPU
		{766E0596-F4EA-47AD-9EF0-14EF6AAEEFBC}.Release|x64.Deploy.0 = Release|Any CPU
		{766E0596-F4EA-47AD-9EF0-14EF6AAEEFBC}.Release|x86.ActiveCfg = Release|Any CPU
		{766E0596-F4EA-47AD-9EF0-14EF6AAEEFBC}.Release|x86.Build.0 = Release|Any CPU
		{766E0596-F4EA-47AD-9EF0-14EF6AAEEFBC}.Release|x86.Deploy.0 = Release|Any CPU
		{D210BDF6-DBEA-4E8F-A120-DB03E116A801}.Ad-Hoc|Any CPU.ActiveCfg = Release|Any CPU
		{D210BDF6-DBEA-4E8F-A120-DB03E116A801}.Ad-Hoc|Any CPU.Build.0 = Release|Any CPU
		{D210BDF6-DBEA-4E8F-A120-DB03E116A801}.Ad-Hoc|ARM.ActiveCfg = Release|Any CPU
		{D210BDF6-DBEA-4E8F-A120-DB03E116A801}.Ad-Hoc|ARM.Build.0 = Release|Any CPU
		{D210BDF6-DBEA-4E8F-A120-DB03E116A801}.Ad-Hoc|iPhone.ActiveCfg = Release|Any CPU
		{D210BDF6-DBEA-4E8F-A120-DB03E116A801}.Ad-Hoc|iPhone.Build.0 = Release|Any CPU
		{D210BDF6-DBEA-4E8F-A120-DB03E116A801}.Ad-Hoc|iPhoneSimulator.ActiveCfg = Release|Any CPU
		{D210BDF6-DBEA-4E8F-A120-DB03E116A801}.Ad-Hoc|iPhoneSimulator.Build.0 = Release|Any CPU
		{D210BDF6-DBEA-4E8F-A120-DB03E116A801}.Ad-Hoc|x64.ActiveCfg = Release|Any CPU
		{D210BDF6-DBEA-4E8F-A120-DB03E116A801}.Ad-Hoc|x64.Build.0 = Release|Any CPU
		{D210BDF6-DBEA-4E8F-A120-DB03E116A801}.Ad-Hoc|x86.ActiveCfg = Release|Any CPU
		{D210BDF6-DBEA-4E8F-A120-DB03E116A801}.Ad-Hoc|x86.Build.0 = Release|Any CPU
		{D210BDF6-DBEA-4E8F-A120-DB03E116A801}.AppStore|Any CPU.ActiveCfg = Release|Any CPU
		{D210BDF6-DBEA-4E8F-A120-DB03E116A801}.AppStore|Any CPU.Build.0 = Release|Any CPU
		{D210BDF6-DBEA-4E8F-A120-DB03E116A801}.AppStore|ARM.ActiveCfg = Release|Any CPU
		{D210BDF6-DBEA-4E8F-A120-DB03E116A801}.AppStore|ARM.Build.0 = Release|Any CPU
		{D210BDF6-DBEA-4E8F-A120-DB03E116A801}.AppStore|iPhone.ActiveCfg = Release|Any CPU
		{D210BDF6-DBEA-4E8F-A120-DB03E116A801}.AppStore|iPhone.Build.0 = Release|Any CPU
		{D210BDF6-DBEA-4E8F-A120-DB03E116A801}.AppStore|iPhoneSimulator.ActiveCfg = Release|Any CPU
		{D210BDF6-DBEA-4E8F-A120-DB03E116A801}.AppStore|iPhoneSimulator.Build.0 = Release|Any CPU
		{D210BDF6-DBEA-4E8F-A120-DB03E116A801}.AppStore|x64.ActiveCfg = Release|Any CPU
		{D210BDF6-DBEA-4E8F-A120-DB03E116A801}.AppStore|x64.Build.0 = Release|Any CPU
		{D210BDF6-DBEA-4E8F-A120-DB03E116A801}.AppStore|x86.ActiveCfg = Release|Any CPU
		{D210BDF6-DBEA-4E8F-A120-DB03E116A801}.AppStore|x86.Build.0 = Release|Any CPU
		{D210BDF6-DBEA-4E8F-A120-DB03E116A801}.Debug|Any CPU.ActiveCfg = Debug|Any CPU
		{D210BDF6-DBEA-4E8F-A120-DB03E116A801}.Debug|Any CPU.Build.0 = Debug|Any CPU
		{D210BDF6-DBEA-4E8F-A120-DB03E116A801}.Debug|ARM.ActiveCfg = Debug|Any CPU
		{D210BDF6-DBEA-4E8F-A120-DB03E116A801}.Debug|ARM.Build.0 = Debug|Any CPU
		{D210BDF6-DBEA-4E8F-A120-DB03E116A801}.Debug|iPhone.ActiveCfg = Debug|Any CPU
		{D210BDF6-DBEA-4E8F-A120-DB03E116A801}.Debug|iPhone.Build.0 = Debug|Any CPU
		{D210BDF6-DBEA-4E8F-A120-DB03E116A801}.Debug|iPhoneSimulator.ActiveCfg = Debug|Any CPU
		{D210BDF6-DBEA-4E8F-A120-DB03E116A801}.Debug|iPhoneSimulator.Build.0 = Debug|Any CPU
		{D210BDF6-DBEA-4E8F-A120-DB03E116A801}.Debug|x64.ActiveCfg = Debug|Any CPU
		{D210BDF6-DBEA-4E8F-A120-DB03E116A801}.Debug|x64.Build.0 = Debug|Any CPU
		{D210BDF6-DBEA-4E8F-A120-DB03E116A801}.Debug|x86.ActiveCfg = Debug|Any CPU
		{D210BDF6-DBEA-4E8F-A120-DB03E116A801}.Debug|x86.Build.0 = Debug|Any CPU
		{D210BDF6-DBEA-4E8F-A120-DB03E116A801}.Release|Any CPU.ActiveCfg = Release|Any CPU
		{D210BDF6-DBEA-4E8F-A120-DB03E116A801}.Release|Any CPU.Build.0 = Release|Any CPU
		{D210BDF6-DBEA-4E8F-A120-DB03E116A801}.Release|ARM.ActiveCfg = Release|Any CPU
		{D210BDF6-DBEA-4E8F-A120-DB03E116A801}.Release|ARM.Build.0 = Release|Any CPU
		{D210BDF6-DBEA-4E8F-A120-DB03E116A801}.Release|iPhone.ActiveCfg = Release|Any CPU
		{D210BDF6-DBEA-4E8F-A120-DB03E116A801}.Release|iPhone.Build.0 = Release|Any CPU
		{D210BDF6-DBEA-4E8F-A120-DB03E116A801}.Release|iPhoneSimulator.ActiveCfg = Release|Any CPU
		{D210BDF6-DBEA-4E8F-A120-DB03E116A801}.Release|iPhoneSimulator.Build.0 = Release|Any CPU
		{D210BDF6-DBEA-4E8F-A120-DB03E116A801}.Release|x64.ActiveCfg = Release|Any CPU
		{D210BDF6-DBEA-4E8F-A120-DB03E116A801}.Release|x64.Build.0 = Release|Any CPU
		{D210BDF6-DBEA-4E8F-A120-DB03E116A801}.Release|x86.ActiveCfg = Release|Any CPU
		{D210BDF6-DBEA-4E8F-A120-DB03E116A801}.Release|x86.Build.0 = Release|Any CPU
		{F860B4F4-1744-4692-ACCE-C2D061025AEB}.Ad-Hoc|Any CPU.ActiveCfg = Ad-Hoc|iPhone
		{F860B4F4-1744-4692-ACCE-C2D061025AEB}.Ad-Hoc|ARM.ActiveCfg = Ad-Hoc|iPhone
		{F860B4F4-1744-4692-ACCE-C2D061025AEB}.Ad-Hoc|iPhone.ActiveCfg = Ad-Hoc|iPhone
		{F860B4F4-1744-4692-ACCE-C2D061025AEB}.Ad-Hoc|iPhone.Build.0 = Ad-Hoc|iPhone
		{F860B4F4-1744-4692-ACCE-C2D061025AEB}.Ad-Hoc|iPhoneSimulator.ActiveCfg = Ad-Hoc|iPhoneSimulator
		{F860B4F4-1744-4692-ACCE-C2D061025AEB}.Ad-Hoc|iPhoneSimulator.Build.0 = Ad-Hoc|iPhoneSimulator
		{F860B4F4-1744-4692-ACCE-C2D061025AEB}.Ad-Hoc|x64.ActiveCfg = Ad-Hoc|iPhone
		{F860B4F4-1744-4692-ACCE-C2D061025AEB}.Ad-Hoc|x86.ActiveCfg = Ad-Hoc|iPhone
		{F860B4F4-1744-4692-ACCE-C2D061025AEB}.AppStore|Any CPU.ActiveCfg = AppStore|iPhone
		{F860B4F4-1744-4692-ACCE-C2D061025AEB}.AppStore|ARM.ActiveCfg = AppStore|iPhone
		{F860B4F4-1744-4692-ACCE-C2D061025AEB}.AppStore|iPhone.ActiveCfg = AppStore|iPhone
		{F860B4F4-1744-4692-ACCE-C2D061025AEB}.AppStore|iPhone.Build.0 = AppStore|iPhone
		{F860B4F4-1744-4692-ACCE-C2D061025AEB}.AppStore|iPhoneSimulator.ActiveCfg = AppStore|iPhoneSimulator
		{F860B4F4-1744-4692-ACCE-C2D061025AEB}.AppStore|iPhoneSimulator.Build.0 = AppStore|iPhoneSimulator
		{F860B4F4-1744-4692-ACCE-C2D061025AEB}.AppStore|x64.ActiveCfg = AppStore|iPhone
		{F860B4F4-1744-4692-ACCE-C2D061025AEB}.AppStore|x86.ActiveCfg = AppStore|iPhone
		{F860B4F4-1744-4692-ACCE-C2D061025AEB}.Debug|Any CPU.ActiveCfg = Debug|iPhone
		{F860B4F4-1744-4692-ACCE-C2D061025AEB}.Debug|ARM.ActiveCfg = Debug|iPhone
		{F860B4F4-1744-4692-ACCE-C2D061025AEB}.Debug|iPhone.ActiveCfg = Debug|iPhone
		{F860B4F4-1744-4692-ACCE-C2D061025AEB}.Debug|iPhone.Build.0 = Debug|iPhone
		{F860B4F4-1744-4692-ACCE-C2D061025AEB}.Debug|iPhoneSimulator.ActiveCfg = Debug|iPhoneSimulator
		{F860B4F4-1744-4692-ACCE-C2D061025AEB}.Debug|iPhoneSimulator.Build.0 = Debug|iPhoneSimulator
		{F860B4F4-1744-4692-ACCE-C2D061025AEB}.Debug|x64.ActiveCfg = Debug|iPhone
		{F860B4F4-1744-4692-ACCE-C2D061025AEB}.Debug|x86.ActiveCfg = Debug|iPhone
		{F860B4F4-1744-4692-ACCE-C2D061025AEB}.Release|Any CPU.ActiveCfg = Release|iPhone
		{F860B4F4-1744-4692-ACCE-C2D061025AEB}.Release|ARM.ActiveCfg = Release|iPhone
		{F860B4F4-1744-4692-ACCE-C2D061025AEB}.Release|iPhone.ActiveCfg = Release|iPhone
		{F860B4F4-1744-4692-ACCE-C2D061025AEB}.Release|iPhone.Build.0 = Release|iPhone
		{F860B4F4-1744-4692-ACCE-C2D061025AEB}.Release|iPhoneSimulator.ActiveCfg = Release|iPhoneSimulator
		{F860B4F4-1744-4692-ACCE-C2D061025AEB}.Release|iPhoneSimulator.Build.0 = Release|iPhoneSimulator
		{F860B4F4-1744-4692-ACCE-C2D061025AEB}.Release|x64.ActiveCfg = Release|iPhone
		{F860B4F4-1744-4692-ACCE-C2D061025AEB}.Release|x86.ActiveCfg = Release|iPhone
	EndGlobalSection
	GlobalSection(SolutionProperties) = preSolution
		HideSolutionNode = FALSE
	EndGlobalSection
	GlobalSection(ExtensibilityGlobals) = postSolution
		SolutionGuid = {5565C78A-8AA3-46FE-A8F9-7726D2FE01F2}
	EndGlobalSection
EndGlobal
